
Microsoft Visual Studio Solution File, Format Version 12.00
# Visual Studio Version 17
VisualStudioVersion = 17.8.34316.72
MinimumVisualStudioVersion = 10.0.40219.1
Project("{FAE04EC0-301F-11D3-BF4B-00C04F79EFBC}") = "Home-App.UWP", "Home-App\Home-App.UWP\Home-App.UWP.csproj", "{C6525B35-5A97-4E6F-9C23-E9D8969A4A7D}"
EndProject
Project("{FAE04EC0-301F-11D3-BF4B-00C04F79EFBC}") = "Home-App.Android", "Home-App\Home-App.Android\Home-App.Android.csproj", "{71C45BA1-1360-4DA4-8594-8315795F4049}"
EndProject
Project("{FAE04EC0-301F-11D3-BF4B-00C04F79EFBC}") = "Home-App.iOS", "Home-App\Home-App.iOS\Home-App.iOS.csproj", "{722932EE-7B82-4AA3-B832-24750E696969}"
EndProject
Project("{9A19103F-16F7-4668-BE54-9A1E7A4F7556}") = "Home-App", "Home-App\Home-App\Home-App.csproj", "{9FEE54A3-0F23-4EB9-B717-579C18B28DFB}"
EndProject
Global
	GlobalSection(SolutionConfigurationPlatforms) = preSolution
		Debug|Any CPU = Debug|Any CPU
		Debug|ARM = Debug|ARM
		Debug|iPhone = Debug|iPhone
		Debug|iPhoneSimulator = Debug|iPhoneSimulator
		Debug|x64 = Debug|x64
		Debug|x86 = Debug|x86
		Release|Any CPU = Release|Any CPU
		Release|ARM = Release|ARM
		Release|iPhone = Release|iPhone
		Release|iPhoneSimulator = Release|iPhoneSimulator
		Release|x64 = Release|x64
		Release|x86 = Release|x86
	EndGlobalSection
	GlobalSection(ProjectConfigurationPlatforms) = postSolution
		{C6525B35-5A97-4E6F-9C23-E9D8969A4A7D}.Debug|Any CPU.ActiveCfg = Debug|x64
		{C6525B35-5A97-4E6F-9C23-E9D8969A4A7D}.Debug|Any CPU.Build.0 = Debug|x64
		{C6525B35-5A97-4E6F-9C23-E9D8969A4A7D}.Debug|Any CPU.Deploy.0 = Debug|x64
		{C6525B35-5A97-4E6F-9C23-E9D8969A4A7D}.Debug|ARM.ActiveCfg = Debug|ARM
		{C6525B35-5A97-4E6F-9C23-E9D8969A4A7D}.Debug|ARM.Build.0 = Debug|ARM
		{C6525B35-5A97-4E6F-9C23-E9D8969A4A7D}.Debug|ARM.Deploy.0 = Debug|ARM
		{C6525B35-5A97-4E6F-9C23-E9D8969A4A7D}.Debug|iPhone.ActiveCfg = Debug|x64
		{C6525B35-5A97-4E6F-9C23-E9D8969A4A7D}.Debug|iPhone.Build.0 = Debug|x64
		{C6525B35-5A97-4E6F-9C23-E9D8969A4A7D}.Debug|iPhone.Deploy.0 = Debug|x64
		{C6525B35-5A97-4E6F-9C23-E9D8969A4A7D}.Debug|iPhoneSimulator.ActiveCfg = Debug|x64
		{C6525B35-5A97-4E6F-9C23-E9D8969A4A7D}.Debug|iPhoneSimulator.Build.0 = Debug|x64
		{C6525B35-5A97-4E6F-9C23-E9D8969A4A7D}.Debug|iPhoneSimulator.Deploy.0 = Debug|x64
		{C6525B35-5A97-4E6F-9C23-E9D8969A4A7D}.Debug|x64.ActiveCfg = Debug|x64
		{C6525B35-5A97-4E6F-9C23-E9D8969A4A7D}.Debug|x64.Build.0 = Debug|x64
		{C6525B35-5A97-4E6F-9C23-E9D8969A4A7D}.Debug|x64.Deploy.0 = Debug|x64
		{C6525B35-5A97-4E6F-9C23-E9D8969A4A7D}.Debug|x86.ActiveCfg = Debug|x86
		{C6525B35-5A97-4E6F-9C23-E9D8969A4A7D}.Debug|x86.Build.0 = Debug|x86
		{C6525B35-5A97-4E6F-9C23-E9D8969A4A7D}.Debug|x86.Deploy.0 = Debug|x86
		{C6525B35-5A97-4E6F-9C23-E9D8969A4A7D}.Release|Any CPU.ActiveCfg = Release|x64
		{C6525B35-5A97-4E6F-9C23-E9D8969A4A7D}.Release|Any CPU.Build.0 = Release|x64
		{C6525B35-5A97-4E6F-9C23-E9D8969A4A7D}.Release|Any CPU.Deploy.0 = Release|x64
		{C6525B35-5A97-4E6F-9C23-E9D8969A4A7D}.Release|ARM.ActiveCfg = Release|ARM
		{C6525B35-5A97-4E6F-9C23-E9D8969A4A7D}.Release|ARM.Build.0 = Release|ARM
		{C6525B35-5A97-4E6F-9C23-E9D8969A4A7D}.Release|ARM.Deploy.0 = Release|ARM
		{C6525B35-5A97-4E6F-9C23-E9D8969A4A7D}.Release|iPhone.ActiveCfg = Release|x64
		{C6525B35-5A97-4E6F-9C23-E9D8969A4A7D}.Release|iPhone.Build.0 = Release|x64
		{C6525B35-5A97-4E6F-9C23-E9D8969A4A7D}.Release|iPhone.Deploy.0 = Release|x64
		{C6525B35-5A97-4E6F-9C23-E9D8969A4A7D}.Release|iPhoneSimulator.ActiveCfg = Release|x64
		{C6525B35-5A97-4E6F-9C23-E9D8969A4A7D}.Release|iPhoneSimulator.Build.0 = Release|x64
		{C6525B35-5A97-4E6F-9C23-E9D8969A4A7D}.Release|iPhoneSimulator.Deploy.0 = Release|x64
		{C6525B35-5A97-4E6F-9C23-E9D8969A4A7D}.Release|x64.ActiveCfg = Release|x64
		{C6525B35-5A97-4E6F-9C23-E9D8969A4A7D}.Release|x64.Build.0 = Release|x64
		{C6525B35-5A97-4E6F-9C23-E9D8969A4A7D}.Release|x64.Deploy.0 = Release|x64
		{C6525B35-5A97-4E6F-9C23-E9D8969A4A7D}.Release|x86.ActiveCfg = Release|x86
		{C6525B35-5A97-4E6F-9C23-E9D8969A4A7D}.Release|x86.Build.0 = Release|x86
		{C6525B35-5A97-4E6F-9C23-E9D8969A4A7D}.Release|x86.Deploy.0 = Release|x86
		{71C45BA1-1360-4DA4-8594-8315795F4049}.Debug|Any CPU.ActiveCfg = Debug|Any CPU
		{71C45BA1-1360-4DA4-8594-8315795F4049}.Debug|Any CPU.Build.0 = Debug|Any CPU
		{71C45BA1-1360-4DA4-8594-8315795F4049}.Debug|Any CPU.Deploy.0 = Debug|Any CPU
		{71C45BA1-1360-4DA4-8594-8315795F4049}.Debug|ARM.ActiveCfg = Debug|Any CPU
		{71C45BA1-1360-4DA4-8594-8315795F4049}.Debug|ARM.Build.0 = Debug|Any CPU
		{71C45BA1-1360-4DA4-8594-8315795F4049}.Debug|ARM.Deploy.0 = Debug|Any CPU
		{71C45BA1-1360-4DA4-8594-8315795F4049}.Debug|iPhone.ActiveCfg = Debug|Any CPU
		{71C45BA1-1360-4DA4-8594-8315795F4049}.Debug|iPhone.Build.0 = Debug|Any CPU
		{71C45BA1-1360-4DA4-8594-8315795F4049}.Debug|iPhone.Deploy.0 = Debug|Any CPU
		{71C45BA1-1360-4DA4-8594-8315795F4049}.Debug|iPhoneSimulator.ActiveCfg = Debug|Any CPU
		{71C45BA1-1360-4DA4-8594-8315795F4049}.Debug|iPhoneSimulator.Build.0 = Debug|Any CPU
		{71C45BA1-1360-4DA4-8594-8315795F4049}.Debug|iPhoneSimulator.Deploy.0 = Debug|Any CPU
		{71C45BA1-1360-4DA4-8594-8315795F4049}.Debug|x64.ActiveCfg = Debug|Any CPU
		{71C45BA1-1360-4DA4-8594-8315795F4049}.Debug|x64.Build.0 = Debug|Any CPU
		{71C45BA1-1360-4DA4-8594-8315795F4049}.Debug|x64.Deploy.0 = Debug|Any CPU
		{71C45BA1-1360-4DA4-8594-8315795F4049}.Debug|x86.ActiveCfg = Debug|Any CPU
		{71C45BA1-1360-4DA4-8594-8315795F4049}.Debug|x86.Build.0 = Debug|Any CPU
		{71C45BA1-1360-4DA4-8594-8315795F4049}.Debug|x86.Deploy.0 = Debug|Any CPU
		{71C45BA1-1360-4DA4-8594-8315795F4049}.Release|Any CPU.ActiveCfg = Release|Any CPU
		{71C45BA1-1360-4DA4-8594-8315795F4049}.Release|Any CPU.Build.0 = Release|Any CPU
		{71C45BA1-1360-4DA4-8594-8315795F4049}.Release|Any CPU.Deploy.0 = Release|Any CPU
		{71C45BA1-1360-4DA4-8594-8315795F4049}.Release|ARM.ActiveCfg = Release|Any CPU
		{71C45BA1-1360-4DA4-8594-8315795F4049}.Release|ARM.Build.0 = Release|Any CPU
		{71C45BA1-1360-4DA4-8594-8315795F4049}.Release|ARM.Deploy.0 = Release|Any CPU
		{71C45BA1-1360-4DA4-8594-8315795F4049}.Release|iPhone.ActiveCfg = Release|Any CPU
		{71C45BA1-1360-4DA4-8594-8315795F4049}.Release|iPhone.Build.0 = Release|Any CPU
		{71C45BA1-1360-4DA4-8594-8315795F4049}.Release|iPhone.Deploy.0 = Release|Any CPU
		{71C45BA1-1360-4DA4-8594-8315795F4049}.Release|iPhoneSimulator.ActiveCfg = Release|Any CPU
		{71C45BA1-1360-4DA4-8594-8315795F4049}.Release|iPhoneSimulator.Build.0 = Release|Any CPU
		{71C45BA1-1360-4DA4-8594-8315795F4049}.Release|iPhoneSimulator.Deploy.0 = Release|Any CPU
		{71C45BA1-1360-4DA4-8594-8315795F4049}.Release|x64.ActiveCfg = Release|Any CPU
		{71C45BA1-1360-4DA4-8594-8315795F4049}.Release|x64.Build.0 = Release|Any CPU
		{71C45BA1-1360-4DA4-8594-8315795F4049}.Release|x64.Deploy.0 = Release|Any CPU
		{71C45BA1-1360-4DA4-8594-8315795F4049}.Release|x86.ActiveCfg = Release|Any CPU
		{71C45BA1-1360-4DA4-8594-8315795F4049}.Release|x86.Build.0 = Release|Any CPU
		{71C45BA1-1360-4DA4-8594-8315795F4049}.Release|x86.Deploy.0 = Release|Any CPU
		{722932EE-7B82-4AA3-B832-24750E696969}.Debug|Any CPU.ActiveCfg = Debug|iPhoneSimulator
		{722932EE-7B82-4AA3-B832-24750E696969}.Debug|Any CPU.Build.0 = Debug|iPhoneSimulator
		{722932EE-7B82-4AA3-B832-24750E696969}.Debug|Any CPU.Deploy.0 = Debug|iPhoneSimulator
		{722932EE-7B82-4AA3-B832-24750E696969}.Debug|ARM.ActiveCfg = Debug|iPhoneSimulator
		{722932EE-7B82-4AA3-B832-24750E696969}.Debug|ARM.Build.0 = Debug|iPhoneSimulator
		{722932EE-7B82-4AA3-B832-24750E696969}.Debug|ARM.Deploy.0 = Debug|iPhoneSimulator
		{722932EE-7B82-4AA3-B832-24750E696969}.Debug|iPhone.ActiveCfg = Debug|iPhone
		{722932EE-7B82-4AA3-B832-24750E696969}.Debug|iPhone.Build.0 = Debug|iPhone
		{722932EE-7B82-4AA3-B832-24750E696969}.Debug|iPhone.Deploy.0 = Debug|iPhone
		{722932EE-7B82-4AA3-B832-24750E696969}.Debug|iPhoneSimulator.ActiveCfg = Debug|iPhoneSimulator
		{722932EE-7B82-4AA3-B832-24750E696969}.Debug|iPhoneSimulator.Build.0 = Debug|iPhoneSimulator
		{722932EE-7B82-4AA3-B832-24750E696969}.Debug|iPhoneSimulator.Deploy.0 = Debug|iPhoneSimulator
		{722932EE-7B82-4AA3-B832-24750E696969}.Debug|x64.ActiveCfg = Debug|iPhone
		{722932EE-7B82-4AA3-B832-24750E696969}.Debug|x64.Build.0 = Debug|iPhone
		{722932EE-7B82-4AA3-B832-24750E696969}.Debug|x64.Deploy.0 = Debug|iPhone
		{722932EE-7B82-4AA3-B832-24750E696969}.Debug|x86.ActiveCfg = Debug|iPhoneSimulator
		{722932EE-7B82-4AA3-B832-24750E696969}.Debug|x86.Build.0 = Debug|iPhoneSimulator
		{722932EE-7B82-4AA3-B832-24750E696969}.Debug|x86.Deploy.0 = Debug|iPhoneSimulator
		{722932EE-7B82-4AA3-B832-24750E696969}.Release|Any CPU.ActiveCfg = Release|iPhoneSimulator
		{722932EE-7B82-4AA3-B832-24750E696969}.Release|Any CPU.Build.0 = Release|iPhoneSimulator
		{722932EE-7B82-4AA3-B832-24750E696969}.Release|Any CPU.Deploy.0 = Release|iPhoneSimulator
		{722932EE-7B82-4AA3-B832-24750E696969}.Release|ARM.ActiveCfg = Release|iPhoneSimulator
		{722932EE-7B82-4AA3-B832-24750E696969}.Release|ARM.Build.0 = Release|iPhoneSimulator
		{722932EE-7B82-4AA3-B832-24750E696969}.Release|ARM.Deploy.0 = Release|iPhoneSimulator
		{722932EE-7B82-4AA3-B832-24750E696969}.Release|iPhone.ActiveCfg = Release|iPhone
		{722932EE-7B82-4AA3-B832-24750E696969}.Release|iPhone.Build.0 = Release|iPhone
		{722932EE-7B82-4AA3-B832-24750E696969}.Release|iPhone.Deploy.0 = Release|iPhone
		{722932EE-7B82-4AA3-B832-24750E696969}.Release|iPhoneSimulator.ActiveCfg = Release|iPhoneSimulator
		{722932EE-7B82-4AA3-B832-24750E696969}.Release|iPhoneSimulator.Build.0 = Release|iPhoneSimulator
		{722932EE-7B82-4AA3-B832-24750E696969}.Release|iPhoneSimulator.Deploy.0 = Release|iPhoneSimulator
		{722932EE-7B82-4AA3-B832-24750E696969}.Release|x64.ActiveCfg = Release|iPhoneSimulator
		{722932EE-7B82-4AA3-B832-24750E696969}.Release|x64.Build.0 = Release|iPhoneSimulator
		{722932EE-7B82-4AA3-B832-24750E696969}.Release|x64.Deploy.0 = Release|iPhoneSimulator
		{722932EE-7B82-4AA3-B832-24750E696969}.Release|x86.ActiveCfg = Release|iPhoneSimulator
		{722932EE-7B82-4AA3-B832-24750E696969}.Release|x86.Build.0 = Release|iPhoneSimulator
		{722932EE-7B82-4AA3-B832-24750E696969}.Release|x86.Deploy.0 = Release|iPhoneSimulator
		{9FEE54A3-0F23-4EB9-B717-579C18B28DFB}.Debug|Any CPU.ActiveCfg = Debug|Any CPU
		{9FEE54A3-0F23-4EB9-B717-579C18B28DFB}.Debug|Any CPU.Build.0 = Debug|Any CPU
		{9FEE54A3-0F23-4EB9-B717-579C18B28DFB}.Debug|Any CPU.Deploy.0 = Debug|Any CPU
		{9FEE54A3-0F23-4EB9-B717-579C18B28DFB}.Debug|ARM.ActiveCfg = Debug|Any CPU
		{9FEE54A3-0F23-4EB9-B717-579C18B28DFB}.Debug|ARM.Build.0 = Debug|Any CPU
		{9FEE54A3-0F23-4EB9-B717-579C18B28DFB}.Debug|ARM.Deploy.0 = Debug|Any CPU
		{9FEE54A3-0F23-4EB9-B717-579C18B28DFB}.Debug|iPhone.ActiveCfg = Debug|Any CPU
		{9FEE54A3-0F23-4EB9-B717-579C18B28DFB}.Debug|iPhone.Build.0 = Debug|Any CPU
		{9FEE54A3-0F23-4EB9-B717-579C18B28DFB}.Debug|iPhone.Deploy.0 = Debug|Any CPU
		{9FEE54A3-0F23-4EB9-B717-579C18B28DFB}.Debug|iPhoneSimulator.ActiveCfg = Debug|Any CPU
		{9FEE54A3-0F23-4EB9-B717-579C18B28DFB}.Debug|iPhoneSimulator.Build.0 = Debug|Any CPU
		{9FEE54A3-0F23-4EB9-B717-579C18B28DFB}.Debug|iPhoneSimulator.Deploy.0 = Debug|Any CPU
		{9FEE54A3-0F23-4EB9-B717-579C18B28DFB}.Debug|x64.ActiveCfg = Debug|Any CPU
		{9FEE54A3-0F23-4EB9-B717-579C18B28DFB}.Debug|x64.Build.0 = Debug|Any CPU
		{9FEE54A3-0F23-4EB9-B717-579C18B28DFB}.Debug|x64.Deploy.0 = Debug|Any CPU
		{9FEE54A3-0F23-4EB9-B717-579C18B28DFB}.Debug|x86.ActiveCfg = Debug|Any CPU
		{9FEE54A3-0F23-4EB9-B717-579C18B28DFB}.Debug|x86.Build.0 = Debug|Any CPU
		{9FEE54A3-0F23-4EB9-B717-579C18B28DFB}.Debug|x86.Deploy.0 = Debug|Any CPU
		{9FEE54A3-0F23-4EB9-B717-579C18B28DFB}.Release|Any CPU.ActiveCfg = Release|Any CPU
		{9FEE54A3-0F23-4EB9-B717-579C18B28DFB}.Release|Any CPU.Build.0 = Release|Any CPU
		{9FEE54A3-0F23-4EB9-B717-579C18B28DFB}.Release|Any CPU.Deploy.0 = Release|Any CPU
		{9FEE54A3-0F23-4EB9-B717-579C18B28DFB}.Release|ARM.ActiveCfg = Release|Any CPU
		{9FEE54A3-0F23-4EB9-B717-579C18B28DFB}.Release|ARM.Build.0 = Release|Any CPU
		{9FEE54A3-0F23-4EB9-B717-579C18B28DFB}.Release|ARM.Deploy.0 = Release|Any CPU
		{9FEE54A3-0F23-4EB9-B717-579C18B28DFB}.Release|iPhone.ActiveCfg = Release|Any CPU
		{9FEE54A3-0F23-4EB9-B717-579C18B28DFB}.Release|iPhone.Build.0 = Release|Any CPU
		{9FEE54A3-0F23-4EB9-B717-579C18B28DFB}.Release|iPhone.Deploy.0 = Release|Any CPU
		{9FEE54A3-0F23-4EB9-B717-579C18B28DFB}.Release|iPhoneSimulator.ActiveCfg = Release|Any CPU
		{9FEE54A3-0F23-4EB9-B717-579C18B28DFB}.Release|iPhoneSimulator.Build.0 = Release|Any CPU
		{9FEE54A3-0F23-4EB9-B717-579C18B28DFB}.Release|iPhoneSimulator.Deploy.0 = Release|Any CPU
		{9FEE54A3-0F23-4EB9-B717-579C18B28DFB}.Release|x64.ActiveCfg = Release|Any CPU
		{9FEE54A3-0F23-4EB9-B717-579C18B28DFB}.Release|x64.Build.0 = Release|Any CPU
		{9FEE54A3-0F23-4EB9-B717-579C18B28DFB}.Release|x64.Deploy.0 = Release|Any CPU
		{9FEE54A3-0F23-4EB9-B717-579C18B28DFB}.Release|x86.ActiveCfg = Release|Any CPU
		{9FEE54A3-0F23-4EB9-B717-579C18B28DFB}.Release|x86.Build.0 = Release|Any CPU
		{9FEE54A3-0F23-4EB9-B717-579C18B28DFB}.Release|x86.Deploy.0 = Release|Any CPU
	EndGlobalSection
	GlobalSection(SolutionProperties) = preSolution
		HideSolutionNode = FALSE
	EndGlobalSection
	GlobalSection(ExtensibilityGlobals) = postSolution
		SolutionGuid = {5B444AC4-0CD7-41C7-82E7-7597E7B887BB}
	EndGlobalSection
EndGlobal
